
Microsoft Visual Studio Solution File, Format Version 11.00
# Visual Studio 2010
Project("{FAE04EC0-301F-11D3-BF4B-00C04F79EFBC}") = "MCI", "MCI.csproj", "{2C300FEE-1FB5-1025-D868-1BC08A771B02}"
EndProject
Project("{FAE04EC0-301F-11D3-BF4B-00C04F79EFBC}") = "Assembly-CSharp", "Assembly-CSharp.csproj", "{AEA36079-A314-FD9D-7F5B-155FAA8DEE36}"
EndProject
Global
	GlobalSection(SolutionConfigurationPlatforms) = preSolution
		Debug|Any CPU = Debug|Any CPU
		Release|Any CPU = Release|Any CPU
	EndGlobalSection
	GlobalSection(ProjectConfigurationPlatforms) = postSolution
		{2C300FEE-1FB5-1025-D868-1BC08A771B02}.Debug|Any CPU.ActiveCfg = Debug|Any CPU
		{2C300FEE-1FB5-1025-D868-1BC08A771B02}.Debug|Any CPU.Build.0 = Debug|Any CPU
		{2C300FEE-1FB5-1025-D868-1BC08A771B02}.Release|Any CPU.ActiveCfg = Release|Any CPU
		{2C300FEE-1FB5-1025-D868-1BC08A771B02}.Release|Any CPU.Build.0 = Release|Any CPU
		{AEA36079-A314-FD9D-7F5B-155FAA8DEE36}.Debug|Any CPU.ActiveCfg = Debug|Any CPU
		{AEA36079-A314-FD9D-7F5B-155FAA8DEE36}.Debug|Any CPU.Build.0 = Debug|Any CPU
		{AEA36079-A314-FD9D-7F5B-155FAA8DEE36}.Release|Any CPU.ActiveCfg = Release|Any CPU
		{AEA36079-A314-FD9D-7F5B-155FAA8DEE36}.Release|Any CPU.Build.0 = Release|Any CPU
	EndGlobalSection
	GlobalSection(SolutionProperties) = preSolution
		HideSolutionNode = FALSE
	EndGlobalSection
EndGlobal
